{
  "lockfile_version": "1",
  "packages": {
    "cargo@1.83.0": {
      "last_modified": "2025-01-19T08:16:51Z",
      "resolved": "github:NixOS/nixpkgs/50165c4f7eb48ce82bd063e1fb8047a0f515f8ce#cargo",
      "source": "devbox-search",
      "version": "1.83.0",
      "systems": {
        "aarch64-darwin": {
          "outputs": [
            {
              "name": "out",
              "path": "/nix/store/ivrvbcih28j6nqd3dhl4hsb95nrfmi4c-cargo-1.83.0",
              "default": true
            }
          ],
          "store_path": "/nix/store/ivrvbcih28j6nqd3dhl4hsb95nrfmi4c-cargo-1.83.0"
        },
        "aarch64-linux": {
          "outputs": [
            {
              "name": "out",
              "path": "/nix/store/zfbr6c6qqpiqfqsms2133s3la5z1v7ac-cargo-1.83.0",
              "default": true
            }
          ],
          "store_path": "/nix/store/zfbr6c6qqpiqfqsms2133s3la5z1v7ac-cargo-1.83.0"
        },
        "x86_64-darwin": {
          "outputs": [
            {
              "name": "out",
              "path": "/nix/store/xd628z5gs5dydb97s4fnc5wasyr8arlb-cargo-1.83.0",
              "default": true
            }
          ],
          "store_path": "/nix/store/xd628z5gs5dydb97s4fnc5wasyr8arlb-cargo-1.83.0"
        },
        "x86_64-linux": {
          "outputs": [
            {
              "name": "out",
              "path": "/nix/store/a9n2kybksza6sn71qwqc6ac781gk9g7v-cargo-1.83.0",
              "default": true
            }
          ],
          "store_path": "/nix/store/a9n2kybksza6sn71qwqc6ac781gk9g7v-cargo-1.83.0"
        }
      }
    },
    "gcc": {
      "resolved": "github:NixOS/nixpkgs/1d4c88323ac36805d09657d13a5273aea1b34f0c?narHash=sha256-esRhOS0APE6k40Hs%2FjjReXg%2Brx%2BJ5LkWw7cuWFKlwYA%3D#gcc",
      "source": "nixpkg"
    },
    "github:NixOS/nixpkgs/nixpkgs-unstable": {
      "last_modified": "2025-11-15T07:28:48Z",
      "resolved": "github:NixOS/nixpkgs/1d4c88323ac36805d09657d13a5273aea1b34f0c?lastModified=1763191728&narHash=sha256-esRhOS0APE6k40Hs%2FjjReXg%2Brx%2BJ5LkWw7cuWFKlwYA%3D"
    },
    "go@1.23": {
      "last_modified": "2025-08-08T08:05:48Z",
      "resolved": "github:NixOS/nixpkgs/a3f3e3f2c983e957af6b07a1db98bafd1f87b7a1#go_1_23",
      "source": "devbox-search",
      "version": "1.23.12",
      "systems": {
        "aarch64-darwin": {
          "outputs": [
            {
              "name": "out",
              "path": "/nix/store/ls7j3c95gdy2s5zzlzy751zgly53gs4c-go-1.23.12",
              "default": true
            }
          ],
          "store_path": "/nix/store/ls7j3c95gdy2s5zzlzy751zgly53gs4c-go-1.23.12"
        },
        "aarch64-linux": {
          "outputs": [
            {
              "name": "out",
              "path": "/nix/store/482v99lr94jxbx0c44dyydhxjhzs8na1-go-1.23.12",
              "default": true
            }
          ],
          "store_path": "/nix/store/482v99lr94jxbx0c44dyydhxjhzs8na1-go-1.23.12"
        },
        "x86_64-darwin": {
          "outputs": [
            {
              "name": "out",
              "path": "/nix/store/4xnvg72xnfsyrm426wn91rb594s507ja-go-1.23.12",
              "default": true
            }
          ],
          "store_path": "/nix/store/4xnvg72xnfsyrm426wn91rb594s507ja-go-1.23.12"
        },
        "x86_64-linux": {
          "outputs": [
            {
              "name": "out",
              "path": "/nix/store/nmmw1c5mwf7mzlbk5rnpm1gxvzh6jjw4-go-1.23.12",
              "default": true
            }
          ],
          "store_path": "/nix/store/nmmw1c5mwf7mzlbk5rnpm1gxvzh6jjw4-go-1.23.12"
        }
      }
    },
    "nodejs@22": {
      "last_modified": "2025-05-31T03:30:20Z",
      "plugin_version": "0.0.2",
      "resolved": "github:NixOS/nixpkgs/59138c7667b7970d205d6a05a8bfa2d78caa3643#nodejs_22",
      "source": "devbox-search",
      "version": "22.14.0",
      "systems": {
        "aarch64-darwin": {
          "outputs": [
            {
              "name": "out",
              "path": "/nix/store/g5bv4gi6p7ryhs2hbaryxs6ivsxa6lqc-nodejs-22.14.0",
              "default": true
            },
            {
              "name": "dev",
              "path": "/nix/store/96vpirdcns8zxdwzwl7n804012lwrf1n-nodejs-22.14.0-dev"
            },
            {
              "name": "libv8",
              "path": "/nix/store/xph2837xqjnra80mqlk64xp7vb3kkqxs-nodejs-22.14.0-libv8"
            }
          ],
          "store_path": "/nix/store/g5bv4gi6p7ryhs2hbaryxs6ivsxa6lqc-nodejs-22.14.0"
        },
        "aarch64-linux": {
          "outputs": [
            {
              "name": "out",
              "path": "/nix/store/cwb781xbp70f72njqh8vhvbsf1xq87i5-nodejs-22.14.0",
              "default": true
            },
            {
              "name": "dev",
              "path": "/nix/store/0w5mql46am2qai707a42q983l44l1h9z-nodejs-22.14.0-dev"
            },
            {
              "name": "libv8",
              "path": "/nix/store/vy56lahz381ayvw3hym3wj4r4ggv7gbk-nodejs-22.14.0-libv8"
            }
          ],
          "store_path": "/nix/store/cwb781xbp70f72njqh8vhvbsf1xq87i5-nodejs-22.14.0"
        },
        "x86_64-darwin": {
          "outputs": [
            {
              "name": "out",
              "path": "/nix/store/086zjv14ipka2vbpgwil3xyvi5ml4vh3-nodejs-22.14.0",
              "default": true
            },
            {
              "name": "dev",
              "path": "/nix/store/24n01nfvy908pwzwpgsl0k4227187i7i-nodejs-22.14.0-dev"
            },
            {
              "name": "libv8",
              "path": "/nix/store/jiwk0in1wk85crn9vp03gg937gbh1s0w-nodejs-22.14.0-libv8"
            }
          ],
          "store_path": "/nix/store/086zjv14ipka2vbpgwil3xyvi5ml4vh3-nodejs-22.14.0"
        },
        "x86_64-linux": {
          "outputs": [
            {
              "name": "out",
              "path": "/nix/store/c8jxsih8yy2rnncdmx2hyraizf689nvp-nodejs-22.14.0",
              "default": true
            },
            {
              "name": "libv8",
              "path": "/nix/store/s8gnrgh9hgnbkrc1wrn21d6zvkbvm9vi-nodejs-22.14.0-libv8"
            },
            {
              "name": "dev",
              "path": "/nix/store/xw8c1c0inxq3xl1d7axz19vq8c05kjk5-nodejs-22.14.0-dev"
            }
          ],
          "store_path": "/nix/store/c8jxsih8yy2rnncdmx2hyraizf689nvp-nodejs-22.14.0"
        }
      }
    },
    "python@3.12": {
      "last_modified": "2025-10-22T20:59:19Z",
      "plugin_version": "0.0.4",
      "resolved": "github:NixOS/nixpkgs/01b6809f7f9d1183a2b3e081f0a1e6f8f415cb09#python312",
      "source": "devbox-search",
      "version": "3.12.11",
      "systems": {
        "aarch64-darwin": {
          "outputs": [
            {
              "name": "out",
              "path": "/nix/store/amnm5l9wmqkzk2paibhy81vp690dhrdk-python3-3.12.11",
              "default": true
            }
          ],
          "store_path": "/nix/store/amnm5l9wmqkzk2paibhy81vp690dhrdk-python3-3.12.11"
        },
        "aarch64-linux": {
          "outputs": [
            {
              "name": "out",
              "path": "/nix/store/01b2c1sr1f59iccr966p1y9672qrq32x-python3-3.12.11",
              "default": true
            },
            {
              "name": "debug",
              "path": "/nix/store/arhmw4qrpj4q7jxf7wfpwapbyrb6zmxn-python3-3.12.11-debug"
            }
          ],
          "store_path": "/nix/store/01b2c1sr1f59iccr966p1y9672qrq32x-python3-3.12.11"
        },
        "x86_64-darwin": {
          "outputs": [
            {
              "name": "out",
              "path": "/nix/store/fnada02q7c39gk1xjxz6kza4ayzaq0p1-python3-3.12.11",
              "default": true
            }
          ],
          "store_path": "/nix/store/fnada02q7c39gk1xjxz6kza4ayzaq0p1-python3-3.12.11"
        },
        "x86_64-linux": {
          "outputs": [
            {
              "name": "out",
              "path": "/nix/store/qlz1jypzdb320jp0ci0igxg2ghf0974d-python3-3.12.11",
              "default": true
            },
            {
              "name": "debug",
              "path": "/nix/store/pfapv5pfm3xynqvb64imhqgnmg39wxvf-python3-3.12.11-debug"
            }
          ],
          "store_path": "/nix/store/qlz1jypzdb320jp0ci0igxg2ghf0974d-python3-3.12.11"
        }
      }
    },
    "rustc@1.83.0": {
      "last_modified": "2025-01-19T08:16:51Z",
      "plugin_version": "0.0.1",
      "resolved": "github:NixOS/nixpkgs/50165c4f7eb48ce82bd063e1fb8047a0f515f8ce#rustc",
      "source": "devbox-search",
      "version": "1.83.0",
      "systems": {
        "aarch64-darwin": {
          "outputs": [
            {
              "name": "out",
              "path": "/nix/store/7c2sk5bn8vj1qwrgn79sy77hr0g5zhnl-rustc-wrapper-1.83.0",
              "default": true
            },
            {
              "name": "man",
              "path": "/nix/store/bikqq7v08s7d5gm31g90fnr8n2s600wn-rustc-wrapper-1.83.0-man",
              "default": true
            },
            {
              "name": "doc",
              "path": "/nix/store/3xszjikd7zs80gnbbndlynkdkdh5z4ld-rustc-wrapper-1.83.0-doc"
            }
          ],
          "store_path": "/nix/store/7c2sk5bn8vj1qwrgn79sy77hr0g5zhnl-rustc-wrapper-1.83.0"
        },
        "aarch64-linux": {
          "outputs": [
            {
              "name": "out",
              "path": "/nix/store/0xc2a1l10ggsssh0jrwhwk58xi0kj84i-rustc-wrapper-1.83.0",
              "default": true
            },
            {
              "name": "man",
              "path": "/nix/store/nni4b5ssd0rvw1xwyzlawfbqbg3r4rd5-rustc-wrapper-1.83.0-man",
              "default": true
            },
            {
              "name": "doc",
              "path": "/nix/store/g4qgyjnc10z61cn5gf5krwmwqrsvr32b-rustc-wrapper-1.83.0-doc"
            }
          ],
          "store_path": "/nix/store/0xc2a1l10ggsssh0jrwhwk58xi0kj84i-rustc-wrapper-1.83.0"
        },
        "x86_64-darwin": {
          "outputs": [
            {
              "name": "out",
              "path": "/nix/store/4bg9n0hvbfp1nlkclrjww9jd5jg4bf3h-rustc-wrapper-1.83.0",
              "default": true
            },
            {
              "name": "man",
              "path": "/nix/store/c8qpa1sw7ia8qa1dw1wf7z1gvymn6v7k-rustc-wrapper-1.83.0-man",
              "default": true
            },
            {
              "name": "doc",
              "path": "/nix/store/ksc5dd88db6wbffaq79yf0y9gjcad3sh-rustc-wrapper-1.83.0-doc"
            }
          ],
          "store_path": "/nix/store/4bg9n0hvbfp1nlkclrjww9jd5jg4bf3h-rustc-wrapper-1.83.0"
        },
        "x86_64-linux": {
          "outputs": [
            {
              "name": "out",
              "path": "/nix/store/f10frz81pb9j2bxx3vc394cgq0y9dnyd-rustc-wrapper-1.83.0",
              "default": true
            },
            {
              "name": "man",
              "path": "/nix/store/szr3wmmrcdzf59n1y9x7ry6ncqb93s69-rustc-wrapper-1.83.0-man",
              "default": true
            },
            {
              "name": "doc",
              "path": "/nix/store/s6h6741lig77473q77jg5a3jh8991a6k-rustc-wrapper-1.83.0-doc"
            }
          ],
          "store_path": "/nix/store/f10frz81pb9j2bxx3vc394cgq0y9dnyd-rustc-wrapper-1.83.0"
        }
      }
    },
    "sqlite": {
      "resolved": "github:NixOS/nixpkgs/1d4c88323ac36805d09657d13a5273aea1b34f0c?narHash=sha256-esRhOS0APE6k40Hs%2FjjReXg%2Brx%2BJ5LkWw7cuWFKlwYA%3D#sqlite",
      "source": "nixpkg"
    },
    "uv": {
      "resolved": "github:NixOS/nixpkgs/1d4c88323ac36805d09657d13a5273aea1b34f0c?narHash=sha256-esRhOS0APE6k40Hs%2FjjReXg%2Brx%2BJ5LkWw7cuWFKlwYA%3D#uv",
      "source": "nixpkg"
    }
  }
}
